
Microsoft Visual Studio Solution File, Format Version 12.00
# Visual Studio Version 16
VisualStudioVersion = 16.0.32413.511
MinimumVisualStudioVersion = 10.0.40219.1
Project("{FAE04EC0-301F-11D3-BF4B-00C04F79EFBC}") = "Lab 2 The Quest", "Lab 2 The Quest.csproj", "{1E9931BD-FAB0-4053-BE47-483D585FD830}"
EndProject
Project("{2150E333-8FDC-42A3-9474-1A3956D46DE8}") = "Solution Items", "Solution Items", "{0F3754B1-15AC-485E-890F-C59DB428A2E0}"
EndProject
Global
	GlobalSection(SolutionConfigurationPlatforms) = preSolution
		Debug|Any CPU = Debug|Any CPU
		Release|Any CPU = Release|Any CPU
	EndGlobalSection
	GlobalSection(ProjectConfigurationPlatforms) = postSolution
		{1E9931BD-FAB0-4053-BE47-483D585FD830}.Debug|Any CPU.ActiveCfg = Debug|Any CPU
		{1E9931BD-FAB0-4053-BE47-483D585FD830}.Debug|Any CPU.Build.0 = Debug|Any CPU
		{1E9931BD-FAB0-4053-BE47-483D585FD830}.Release|Any CPU.ActiveCfg = Release|Any CPU
		{1E9931BD-FAB0-4053-BE47-483D585FD830}.Release|Any CPU.Build.0 = Release|Any CPU
	EndGlobalSection
	GlobalSection(SolutionProperties) = preSolution
		HideSolutionNode = FALSE
	EndGlobalSection
	GlobalSection(ExtensibilityGlobals) = postSolution
		SolutionGuid = {095E376F-8E4D-4758-B48C-FC333C3E97B3}
	EndGlobalSection
EndGlobal
